
Microsoft Visual Studio Solution File, Format Version 12.00
Project("{2150E333-8FDC-42A3-9474-1A3956D46DE8}") = "src", "src", "{372A6968-5741-420B-92D4-FC3BAA6196BB}"
EndProject
Project("{2150E333-8FDC-42A3-9474-1A3956D46DE8}") = "tests", "tests", "{1E6D0AB8-1115-4E5E-8460-CBD08B3970F0}"
EndProject
Project("{FAE04EC0-301F-11D3-BF4B-00C04F79EFBC}") = "eApp.API", "src\eApp.API\eApp.API.csproj", "{C2092AEE-75F4-40AA-8DE1-D3C66AD3C8ED}"
EndProject
Global
	GlobalSection(SolutionConfigurationPlatforms) = preSolution
		Debug|Any CPU = Debug|Any CPU
		Release|Any CPU = Release|Any CPU
	EndGlobalSection
	GlobalSection(ProjectConfigurationPlatforms) = postSolution
		{C2092AEE-75F4-40AA-8DE1-D3C66AD3C8ED}.Debug|Any CPU.ActiveCfg = Debug|Any CPU
		{C2092AEE-75F4-40AA-8DE1-D3C66AD3C8ED}.Debug|Any CPU.Build.0 = Debug|Any CPU
		{C2092AEE-75F4-40AA-8DE1-D3C66AD3C8ED}.Release|Any CPU.ActiveCfg = Release|Any CPU
		{C2092AEE-75F4-40AA-8DE1-D3C66AD3C8ED}.Release|Any CPU.Build.0 = Release|Any CPU
	EndGlobalSection
	GlobalSection(NestedProjects) = preSolution
		{C2092AEE-75F4-40AA-8DE1-D3C66AD3C8ED} = {372A6968-5741-420B-92D4-FC3BAA6196BB}
	EndGlobalSection
EndGlobal
